// !$*UTF8*$!
{
	archiveVersion = 1;
	classes = {
	};
	objectVersion = 46;
	objects = {

/* Begin PBXBuildFile section */
		C78E844B1B504A570052CA28 /* MenuTableViewController.swift in Sources */ = {isa = PBXBuildFile; fileRef = C78E844A1B504A570052CA28 /* MenuTableViewController.swift */; };
		C78E844D1B504EDD0052CA28 /* PacientesViewController.swift in Sources */ = {isa = PBXBuildFile; fileRef = C78E844C1B504EDD0052CA28 /* PacientesViewController.swift */; };
		C78E844F1B504EF30052CA28 /* MedicosViewController.swift in Sources */ = {isa = PBXBuildFile; fileRef = C78E844E1B504EF30052CA28 /* MedicosViewController.swift */; };
		C7D7B4561B503EA500664C59 /* AppDelegate.swift in Sources */ = {isa = PBXBuildFile; fileRef = C7D7B4551B503EA500664C59 /* AppDelegate.swift */; };
		C7D7B45B1B503EA500664C59 /* Main.storyboard in Resources */ = {isa = PBXBuildFile; fileRef = C7D7B4591B503EA500664C59 /* Main.storyboard */; };
		C7D7B45D1B503EA500664C59 /* Images.xcassets in Resources */ = {isa = PBXBuildFile; fileRef = C7D7B45C1B503EA500664C59 /* Images.xcassets */; };
		C7D7B4601B503EA500664C59 /* LaunchScreen.xib in Resources */ = {isa = PBXBuildFile; fileRef = C7D7B45E1B503EA500664C59 /* LaunchScreen.xib */; };
		C7D7B46C1B503EA500664C59 /* Recordatorio_Me_dicoTests.swift in Sources */ = {isa = PBXBuildFile; fileRef = C7D7B46B1B503EA500664C59 /* Recordatorio_Me_dicoTests.swift */; };
		C7D7B4761B503EDD00664C59 /* Medicina.swift in Sources */ = {isa = PBXBuildFile; fileRef = C7D7B4751B503EDD00664C59 /* Medicina.swift */; };
		C7D7B4781B50438100664C59 /* Paciente.swift in Sources */ = {isa = PBXBuildFile; fileRef = C7D7B4771B50438100664C59 /* Paciente.swift */; };
		C7D7B47A1B50446300664C59 /* Medico.swift in Sources */ = {isa = PBXBuildFile; fileRef = C7D7B4791B50446300664C59 /* Medico.swift */; };
		C7FB0E671B5704BE00CB03B1 /* PacientForm.swift in Sources */ = {isa = PBXBuildFile; fileRef = C7FB0E661B5704BE00CB03B1 /* PacientForm.swift */; };
/* End PBXBuildFile section */

/* Begin PBXContainerItemProxy section */
		C7D7B4661B503EA500664C59 /* PBXContainerItemProxy */ = {
			isa = PBXContainerItemProxy;
			containerPortal = C7D7B4481B503EA400664C59 /* Project object */;
			proxyType = 1;
			remoteGlobalIDString = C7D7B44F1B503EA500664C59;
			remoteInfo = "Recordatorio Médico";
		};
/* End PBXContainerItemProxy section */

/* Begin PBXFileReference section */
		C78E844A1B504A570052CA28 /* MenuTableViewController.swift */ = {isa = PBXFileReference; fileEncoding = 4; lastKnownFileType = sourcecode.swift; name = MenuTableViewController.swift; path = ../MenuTableViewController.swift; sourceTree = "<group>"; };
		C78E844C1B504EDD0052CA28 /* PacientesViewController.swift */ = {isa = PBXFileReference; fileEncoding = 4; lastKnownFileType = sourcecode.swift; path = PacientesViewController.swift; sourceTree = "<group>"; };
		C78E844E1B504EF30052CA28 /* MedicosViewController.swift */ = {isa = PBXFileReference; fileEncoding = 4; lastKnownFileType = sourcecode.swift; path = MedicosViewController.swift; sourceTree = "<group>"; };
		C7D7B4501B503EA500664C59 /* Recordatorio Médico.app */ = {isa = PBXFileReference; explicitFileType = wrapper.application; includeInIndex = 0; path = "Recordatorio Médico.app"; sourceTree = BUILT_PRODUCTS_DIR; };
		C7D7B4541B503EA500664C59 /* Info.plist */ = {isa = PBXFileReference; lastKnownFileType = text.plist.xml; path = Info.plist; sourceTree = "<group>"; };
		C7D7B4551B503EA500664C59 /* AppDelegate.swift */ = {isa = PBXFileReference; lastKnownFileType = sourcecode.swift; path = AppDelegate.swift; sourceTree = "<group>"; };
		C7D7B45A1B503EA500664C59 /* Base */ = {isa = PBXFileReference; lastKnownFileType = file.storyboard; name = Base; path = Base.lproj/Main.storyboard; sourceTree = "<group>"; };
		C7D7B45C1B503EA500664C59 /* Images.xcassets */ = {isa = PBXFileReference; lastKnownFileType = folder.assetcatalog; path = Images.xcassets; sourceTree = "<group>"; };
		C7D7B45F1B503EA500664C59 /* Base */ = {isa = PBXFileReference; lastKnownFileType = file.xib; name = Base; path = Base.lproj/LaunchScreen.xib; sourceTree = "<group>"; };
		C7D7B4651B503EA500664C59 /* Recordatorio MédicoTests.xctest */ = {isa = PBXFileReference; explicitFileType = wrapper.cfbundle; includeInIndex = 0; path = "Recordatorio MédicoTests.xctest"; sourceTree = BUILT_PRODUCTS_DIR; };
		C7D7B46A1B503EA500664C59 /* Info.plist */ = {isa = PBXFileReference; lastKnownFileType = text.plist.xml; path = Info.plist; sourceTree = "<group>"; };
		C7D7B46B1B503EA500664C59 /* Recordatorio_Me_dicoTests.swift */ = {isa = PBXFileReference; lastKnownFileType = sourcecode.swift; path = Recordatorio_Me_dicoTests.swift; sourceTree = "<group>"; };
		C7D7B4751B503EDD00664C59 /* Medicina.swift */ = {isa = PBXFileReference; fileEncoding = 4; lastKnownFileType = sourcecode.swift; path = Medicina.swift; sourceTree = "<group>"; };
		C7D7B4771B50438100664C59 /* Paciente.swift */ = {isa = PBXFileReference; fileEncoding = 4; lastKnownFileType = sourcecode.swift; path = Paciente.swift; sourceTree = "<group>"; };
		C7D7B4791B50446300664C59 /* Medico.swift */ = {isa = PBXFileReference; fileEncoding = 4; lastKnownFileType = sourcecode.swift; path = Medico.swift; sourceTree = "<group>"; };
		C7FB0E661B5704BE00CB03B1 /* PacientForm.swift */ = {isa = PBXFileReference; fileEncoding = 4; lastKnownFileType = sourcecode.swift; path = PacientForm.swift; sourceTree = "<group>"; };
/* End PBXFileReference section */

/* Begin PBXFrameworksBuildPhase section */
		C7D7B44D1B503EA500664C59 /* Frameworks */ = {
			isa = PBXFrameworksBuildPhase;
			buildActionMask = 2147483647;
			files = (
			);
			runOnlyForDeploymentPostprocessing = 0;
		};
		C7D7B4621B503EA500664C59 /* Frameworks */ = {
			isa = PBXFrameworksBuildPhase;
			buildActionMask = 2147483647;
			files = (
			);
			runOnlyForDeploymentPostprocessing = 0;
		};
/* End PBXFrameworksBuildPhase section */

/* Begin PBXGroup section */
		C7D7B4471B503EA400664C59 = {
			isa = PBXGroup;
			children = (
				C7D7B4521B503EA500664C59 /* Recordatorio Médico */,
				C7D7B4681B503EA500664C59 /* Recordatorio MédicoTests */,
				C7D7B4511B503EA500664C59 /* Products */,
			);
			sourceTree = "<group>";
		};
		C7D7B4511B503EA500664C59 /* Products */ = {
			isa = PBXGroup;
			children = (
				C7D7B4501B503EA500664C59 /* Recordatorio Médico.app */,
				C7D7B4651B503EA500664C59 /* Recordatorio MédicoTests.xctest */,
			);
			name = Products;
			sourceTree = "<group>";
		};
		C7D7B4521B503EA500664C59 /* Recordatorio Médico */ = {
			isa = PBXGroup;
			children = (
				C7D7B4551B503EA500664C59 /* AppDelegate.swift */,
				C78E844A1B504A570052CA28 /* MenuTableViewController.swift */,
				C78E844C1B504EDD0052CA28 /* PacientesViewController.swift */,
				C7FB0E661B5704BE00CB03B1 /* PacientForm.swift */,
				C78E844E1B504EF30052CA28 /* MedicosViewController.swift */,
				C7D7B4751B503EDD00664C59 /* Medicina.swift */,
				C7D7B4771B50438100664C59 /* Paciente.swift */,
				C7D7B4791B50446300664C59 /* Medico.swift */,
				C7D7B4591B503EA500664C59 /* Main.storyboard */,
				C7D7B45C1B503EA500664C59 /* Images.xcassets */,
				C7D7B45E1B503EA500664C59 /* LaunchScreen.xib */,
				C7D7B4531B503EA500664C59 /* Supporting Files */,
			);
			path = "Recordatorio Médico";
			sourceTree = "<group>";
		};
		C7D7B4531B503EA500664C59 /* Supporting Files */ = {
			isa = PBXGroup;
			children = (
				C7D7B4541B503EA500664C59 /* Info.plist */,
			);
			name = "Supporting Files";
			sourceTree = "<group>";
		};
		C7D7B4681B503EA500664C59 /* Recordatorio MédicoTests */ = {
			isa = PBXGroup;
			children = (
				C7D7B46B1B503EA500664C59 /* Recordatorio_Me_dicoTests.swift */,
				C7D7B4691B503EA500664C59 /* Supporting Files */,
			);
			path = "Recordatorio MédicoTests";
			sourceTree = "<group>";
		};
		C7D7B4691B503EA500664C59 /* Supporting Files */ = {
			isa = PBXGroup;
			children = (
				C7D7B46A1B503EA500664C59 /* Info.plist */,
			);
			name = "Supporting Files";
			sourceTree = "<group>";
		};
/* End PBXGroup section */

/* Begin PBXNativeTarget section */
		C7D7B44F1B503EA500664C59 /* Recordatorio Médico */ = {
			isa = PBXNativeTarget;
			buildConfigurationList = C7D7B46F1B503EA500664C59 /* Build configuration list for PBXNativeTarget "Recordatorio Médico" */;
			buildPhases = (
				C7D7B44C1B503EA500664C59 /* Sources */,
				C7D7B44D1B503EA500664C59 /* Frameworks */,
				C7D7B44E1B503EA500664C59 /* Resources */,
			);
			buildRules = (
			);
			dependencies = (
			);
			name = "Recordatorio Médico";
			productName = "Recordatorio Médico";
			productReference = C7D7B4501B503EA500664C59 /* Recordatorio Médico.app */;
			productType = "com.apple.product-type.application";
		};
		C7D7B4641B503EA500664C59 /* Recordatorio MédicoTests */ = {
			isa = PBXNativeTarget;
			buildConfigurationList = C7D7B4721B503EA500664C59 /* Build configuration list for PBXNativeTarget "Recordatorio MédicoTests" */;
			buildPhases = (
				C7D7B4611B503EA500664C59 /* Sources */,
				C7D7B4621B503EA500664C59 /* Frameworks */,
				C7D7B4631B503EA500664C59 /* Resources */,
			);
			buildRules = (
			);
			dependencies = (
				C7D7B4671B503EA500664C59 /* PBXTargetDependency */,
			);
			name = "Recordatorio MédicoTests";
			productName = "Recordatorio MédicoTests";
			productReference = C7D7B4651B503EA500664C59 /* Recordatorio MédicoTests.xctest */;
			productType = "com.apple.product-type.bundle.unit-test";
		};
/* End PBXNativeTarget section */

/* Begin PBXProject section */
		C7D7B4481B503EA400664C59 /* Project object */ = {
			isa = PBXProject;
			attributes = {
				LastUpgradeCheck = 0640;
				ORGANIZATIONNAME = SaulGausin;
				TargetAttributes = {
					C7D7B44F1B503EA500664C59 = {
						CreatedOnToolsVersion = 6.4;
					};
					C7D7B4641B503EA500664C59 = {
						CreatedOnToolsVersion = 6.4;
						TestTargetID = C7D7B44F1B503EA500664C59;
					};
				};
			};
			buildConfigurationList = C7D7B44B1B503EA400664C59 /* Build configuration list for PBXProject "Recordatorio Médico" */;
			compatibilityVersion = "Xcode 3.2";
			developmentRegion = English;
			hasScannedForEncodings = 0;
			knownRegions = (
				en,
				Base,
			);
			mainGroup = C7D7B4471B503EA400664C59;
			productRefGroup = C7D7B4511B503EA500664C59 /* Products */;
			projectDirPath = "";
			projectRoot = "";
			targets = (
				C7D7B44F1B503EA500664C59 /* Recordatorio Médico */,
				C7D7B4641B503EA500664C59 /* Recordatorio MédicoTests */,
			);
		};
/* End PBXProject section */

/* Begin PBXResourcesBuildPhase section */
		C7D7B44E1B503EA500664C59 /* Resources */ = {
			isa = PBXResourcesBuildPhase;
			buildActionMask = 2147483647;
			files = (
				C7D7B45B1B503EA500664C59 /* Main.storyboard in Resources */,
				C7D7B4601B503EA500664C59 /* LaunchScreen.xib in Resources */,
				C7D7B45D1B503EA500664C59 /* Images.xcassets in Resources */,
			);
			runOnlyForDeploymentPostprocessing = 0;
		};
		C7D7B4631B503EA500664C59 /* Resources */ = {
			isa = PBXResourcesBuildPhase;
			buildActionMask = 2147483647;
			files = (
			);
			runOnlyForDeploymentPostprocessing = 0;
		};
/* End PBXResourcesBuildPhase section */

/* Begin PBXSourcesBuildPhase section */
		C7D7B44C1B503EA500664C59 /* Sources */ = {
			isa = PBXSourcesBuildPhase;
			buildActionMask = 2147483647;
			files = (
				C7D7B4761B503EDD00664C59 /* Medicina.swift in Sources */,
				C7D7B4781B50438100664C59 /* Paciente.swift in Sources */,
				C78E844B1B504A570052CA28 /* MenuTableViewController.swift in Sources */,
				C78E844D1B504EDD0052CA28 /* PacientesViewController.swift in Sources */,
				C7FB0E671B5704BE00CB03B1 /* PacientForm.swift in Sources */,
				C78E844F1B504EF30052CA28 /* MedicosViewController.swift in Sources */,
				C7D7B4561B503EA500664C59 /* AppDelegate.swift in Sources */,
				C7D7B47A1B50446300664C59 /* Medico.swift in Sources */,
			);
			runOnlyForDeploymentPostprocessing = 0;
		};
		C7D7B4611B503EA500664C59 /* Sources */ = {
			isa = PBXSourcesBuildPhase;
			buildActionMask = 2147483647;
			files = (
				C7D7B46C1B503EA500664C59 /* Recordatorio_Me_dicoTests.swift in Sources */,
			);
			runOnlyForDeploymentPostprocessing = 0;
		};
/* End PBXSourcesBuildPhase section */

/* Begin PBXTargetDependency section */
		C7D7B4671B503EA500664C59 /* PBXTargetDependency */ = {
			isa = PBXTargetDependency;
			target = C7D7B44F1B503EA500664C59 /* Recordatorio Médico */;
			targetProxy = C7D7B4661B503EA500664C59 /* PBXContainerItemProxy */;
		};
/* End PBXTargetDependency section */

/* Begin PBXVariantGroup section */
		C7D7B4591B503EA500664C59 /* Main.storyboard */ = {
			isa = PBXVariantGroup;
			children = (
				C7D7B45A1B503EA500664C59 /* Base */,
			);
			name = Main.storyboard;
			sourceTree = "<group>";
		};
		C7D7B45E1B503EA500664C59 /* LaunchScreen.xib */ = {
			isa = PBXVariantGroup;
			children = (
				C7D7B45F1B503EA500664C59 /* Base */,
			);
			name = LaunchScreen.xib;
			sourceTree = "<group>";
		};
/* End PBXVariantGroup section */

/* Begin XCBuildConfiguration section */
		C7D7B46D1B503EA500664C59 /* Debug */ = {
			isa = XCBuildConfiguration;
			buildSettings = {
				ALWAYS_SEARCH_USER_PATHS = NO;
				CLANG_CXX_LANGUAGE_STANDARD = "gnu++0x";
				CLANG_CXX_LIBRARY = "libc++";
				CLANG_ENABLE_MODULES = YES;
				CLANG_ENABLE_OBJC_ARC = YES;
				CLANG_WARN_BOOL_CONVERSION = YES;
				CLANG_WARN_CONSTANT_CONVERSION = YES;
				CLANG_WARN_DIRECT_OBJC_ISA_USAGE = YES_ERROR;
				CLANG_WARN_EMPTY_BODY = YES;
				CLANG_WARN_ENUM_CONVERSION = YES;
				CLANG_WARN_INT_CONVERSION = YES;
				CLANG_WARN_OBJC_ROOT_CLASS = YES_ERROR;
				CLANG_WARN_UNREACHABLE_CODE = YES;
				CLANG_WARN__DUPLICATE_METHOD_MATCH = YES;
				"CODE_SIGN_IDENTITY[sdk=iphoneos*]" = "iPhone Developer";
				COPY_PHASE_STRIP = NO;
				DEBUG_INFORMATION_FORMAT = "dwarf-with-dsym";
				ENABLE_STRICT_OBJC_MSGSEND = YES;
				GCC_C_LANGUAGE_STANDARD = gnu99;
				GCC_DYNAMIC_NO_PIC = NO;
				GCC_NO_COMMON_BLOCKS = YES;
				GCC_OPTIMIZATION_LEVEL = 0;
				GCC_PREPROCESSOR_DEFINITIONS = (
					"DEBUG=1",
					"$(inherited)",
				);
				GCC_SYMBOLS_PRIVATE_EXTERN = NO;
				GCC_WARN_64_TO_32_BIT_CONVERSION = YES;
				GCC_WARN_ABOUT_RETURN_TYPE = YES_ERROR;
				GCC_WARN_UNDECLARED_SELECTOR = YES;
				GCC_WARN_UNINITIALIZED_AUTOS = YES_AGGRESSIVE;
				GCC_WARN_UNUSED_FUNCTION = YES;
				GCC_WARN_UNUSED_VARIABLE = YES;
				IPHONEOS_DEPLOYMENT_TARGET = 8.4;
				MTL_ENABLE_DEBUG_INFO = YES;
				ONLY_ACTIVE_ARCH = YES;
				SDKROOT = iphoneos;
				SWIFT_OPTIMIZATION_LEVEL = "-Onone";
				TARGETED_DEVICE_FAMILY = "1,2";
			};
			name = Debug;
		};
		C7D7B46E1B503EA500664C59 /* Release */ = {
			isa = XCBuildConfiguration;
			buildSettings = {
				ALWAYS_SEARCH_USER_PATHS = NO;
				CLANG_CXX_LANGUAGE_STANDARD = "gnu++0x";
				CLANG_CXX_LIBRARY = "libc++";
				CLANG_ENABLE_MODULES = YES;
				CLANG_ENABLE_OBJC_ARC = YES;
				CLANG_WARN_BOOL_CONVERSION = YES;
				CLANG_WARN_CONSTANT_CONVERSION = YES;
				CLANG_WARN_DIRECT_OBJC_ISA_USAGE = YES_ERROR;
				CLANG_WARN_EMPTY_BODY = YES;
				CLANG_WARN_ENUM_CONVERSION = YES;
				CLANG_WARN_INT_CONVERSION = YES;
				CLANG_WARN_OBJC_ROOT_CLASS = YES_ERROR;
				CLANG_WARN_UNREACHABLE_CODE = YES;
				CLANG_WARN__DUPLICATE_METHOD_MATCH = YES;
				"CODE_SIGN_IDENTITY[sdk=iphoneos*]" = "iPhone Developer";
				COPY_PHASE_STRIP = NO;
				DEBUG_INFORMATION_FORMAT = "dwarf-with-dsym";
				ENABLE_NS_ASSERTIONS = NO;
				ENABLE_STRICT_OBJC_MSGSEND = YES;
				GCC_C_LANGUAGE_STANDARD = gnu99;
				GCC_NO_COMMON_BLOCKS = YES;
				GCC_WARN_64_TO_32_BIT_CONVERSION = YES;
				GCC_WARN_ABOUT_RETURN_TYPE = YES_ERROR;
				GCC_WARN_UNDECLARED_SELECTOR = YES;
				GCC_WARN_UNINITIALIZED_AUTOS = YES_AGGRESSIVE;
				GCC_WARN_UNUSED_FUNCTION = YES;
				GCC_WARN_UNUSED_VARIABLE = YES;
				IPHONEOS_DEPLOYMENT_TARGET = 8.4;
				MTL_ENABLE_DEBUG_INFO = NO;
				SDKROOT = iphoneos;
				TARGETED_DEVICE_FAMILY = "1,2";
				VALIDATE_PRODUCT = YES;
			};
			name = Release;
		};
		C7D7B4701B503EA500664C59 /* Debug */ = {
			isa = XCBuildConfiguration;
			buildSettings = {
				ASSETCATALOG_COMPILER_APPICON_NAME = AppIcon;
				INFOPLIST_FILE = "Recordatorio Médico/Info.plist";
				LD_RUNPATH_SEARCH_PATHS = "$(inherited) @executable_path/Frameworks";
				PRODUCT_NAME = "$(TARGET_NAME)";
			};
			name = Debug;
		};
		C7D7B4711B503EA500664C59 /* Release */ = {
			isa = XCBuildConfiguration;
			buildSettings = {
				ASSETCATALOG_COMPILER_APPICON_NAME = AppIcon;
				INFOPLIST_FILE = "Recordatorio Médico/Info.plist";
				LD_RUNPATH_SEARCH_PATHS = "$(inherited) @executable_path/Frameworks";
				PRODUCT_NAME = "$(TARGET_NAME)";
			};
			name = Release;
		};
		C7D7B4731B503EA500664C59 /* Debug */ = {
			isa = XCBuildConfiguration;
			buildSettings = {
				BUNDLE_LOADER = "$(TEST_HOST)";
				FRAMEWORK_SEARCH_PATHS = (
					"$(SDKROOT)/Developer/Library/Frameworks",
					"$(inherited)",
				);
				GCC_PREPROCESSOR_DEFINITIONS = (
					"DEBUG=1",
					"$(inherited)",
				);
				INFOPLIST_FILE = "Recordatorio MédicoTests/Info.plist";
				LD_RUNPATH_SEARCH_PATHS = "$(inherited) @executable_path/Frameworks @loader_path/Frameworks";
				PRODUCT_NAME = "$(TARGET_NAME)";
				TEST_HOST = "$(BUILT_PRODUCTS_DIR)/Recordatorio Médico.app/Recordatorio Médico";
			};
			name = Debug;
		};
		C7D7B4741B503EA500664C59 /* Release */ = {
			isa = XCBuildConfiguration;
			buildSettings = {
				BUNDLE_LOADER = "$(TEST_HOST)";
				FRAMEWORK_SEARCH_PATHS = (
					"$(SDKROOT)/Developer/Library/Frameworks",
					"$(inherited)",
				);
				INFOPLIST_FILE = "Recordatorio MédicoTests/Info.plist";
				LD_RUNPATH_SEARCH_PATHS = "$(inherited) @executable_path/Frameworks @loader_path/Frameworks";
				PRODUCT_NAME = "$(TARGET_NAME)";
				TEST_HOST = "$(BUILT_PRODUCTS_DIR)/Recordatorio Médico.app/Recordatorio Médico";
			};
			name = Release;
		};
/* End XCBuildConfiguration section */

/* Begin XCConfigurationList section */
		C7D7B44B1B503EA400664C59 /* Build configuration list for PBXProject "Recordatorio Médico" */ = {
			isa = XCConfigurationList;
			buildConfigurations = (
				C7D7B46D1B503EA500664C59 /* Debug */,
				C7D7B46E1B503EA500664C59 /* Release */,
			);
			defaultConfigurationIsVisible = 0;
			defaultConfigurationName = Release;
		};
		C7D7B46F1B503EA500664C59 /* Build configuration list for PBXNativeTarget "Recordatorio Médico" */ = {
			isa = XCConfigurationList;
			buildConfigurations = (
				C7D7B4701B503EA500664C59 /* Debug */,
				C7D7B4711B503EA500664C59 /* Release */,
			);
			defaultConfigurationIsVisible = 0;
			defaultConfigurationName = Release;
		};
		C7D7B4721B503EA500664C59 /* Build configuration list for PBXNativeTarget "Recordatorio MédicoTests" */ = {
			isa = XCConfigurationList;
			buildConfigurations = (
				C7D7B4731B503EA500664C59 /* Debug */,
				C7D7B4741B503EA500664C59 /* Release */,
			);
			defaultConfigurationIsVisible = 0;
			defaultConfigurationName = Release;
		};
/* End XCConfigurationList section */
	};
	rootObject = C7D7B4481B503EA400664C59 /* Project object */;
}
